
Microsoft Visual Studio Solution File, Format Version 12.00
# Visual Studio Version 16
VisualStudioVersion = 16.0.30413.136
MinimumVisualStudioVersion = 10.0.40219.1
Project("{FAE04EC0-301F-11D3-BF4B-00C04F79EFBC}") = "졸업작품", "졸업작품.csproj", "{B22D140D-900E-4393-AA0D-DC49F6737E4A}"
EndProject
Global
	GlobalSection(SolutionConfigurationPlatforms) = preSolution
		Debug|Any CPU = Debug|Any CPU
		Release|Any CPU = Release|Any CPU
	EndGlobalSection
	GlobalSection(ProjectConfigurationPlatforms) = postSolution
		{B22D140D-900E-4393-AA0D-DC49F6737E4A}.Debug|Any CPU.ActiveCfg = Debug|Any CPU
		{B22D140D-900E-4393-AA0D-DC49F6737E4A}.Debug|Any CPU.Build.0 = Debug|Any CPU
		{B22D140D-900E-4393-AA0D-DC49F6737E4A}.Release|Any CPU.ActiveCfg = Release|Any CPU
		{B22D140D-900E-4393-AA0D-DC49F6737E4A}.Release|Any CPU.Build.0 = Release|Any CPU
	EndGlobalSection
	GlobalSection(SolutionProperties) = preSolution
		HideSolutionNode = FALSE
	EndGlobalSection
	GlobalSection(ExtensibilityGlobals) = postSolution
		SolutionGuid = {77E6DF14-EABE-4567-977F-17BE1BC73247}
	EndGlobalSection
EndGlobal
